# This file is autogenerated, do not edit; changes may be undone by the next 'dep ensure'.


[[projects]]
  branch = "master"
  digest = "1:bfea9b78836b7f4aed78e610a593f140f86ecd2d26ca92cccced15a48029d35f"
  name = "github.com/bitwurx/jrpc2"
  packages = ["."]
  pruneopts = "UT"
  revision = "4f6f5c5d6ee3a8d703fd560474a25ac997899eb2"

[solve-meta]
  analyzer-name = "dep"
  analyzer-version = 1
  input-imports = ["github.com/bitwurx/jrpc2"]
  solver-name = "gps-cdcl"
  solver-version = 1
